
Microsoft Visual Studio Solution File, Format Version 12.00
# Visual Studio 14
VisualStudioVersion = 14.0.25420.1
MinimumVisualStudioVersion = 10.0.40219.1
Project("{FAE04EC0-301F-11D3-BF4B-00C04F79EFBC}") = "CopyBuffer.Ui.Wpf", "CopyBuffer.UI.Wpf\CopyBuffer.Ui.Wpf.csproj", "{964EBFBE-A600-49B2-BDD8-422B46F1D544}"
EndProject
Project("{FAE04EC0-301F-11D3-BF4B-00C04F79EFBC}") = "CopyBuffer.Service", "CopyBuffer.Service\CopyBuffer.Service.csproj", "{283CB1DA-3CCB-4657-8118-96D99E2F6565}"
EndProject
Project("{FAE04EC0-301F-11D3-BF4B-00C04F79EFBC}") = "CopyBuffer.ClipboardListener", "CopyBuffer.ClipboardListener\CopyBuffer.ClipboardListener.csproj", "{C563ED15-570E-4EFD-8357-D4B4AABC6263}"
EndProject
Global
	GlobalSection(SolutionConfigurationPlatforms) = preSolution
		Debug|Any CPU = Debug|Any CPU
		Release|Any CPU = Release|Any CPU
	EndGlobalSection
	GlobalSection(ProjectConfigurationPlatforms) = postSolution
		{964EBFBE-A600-49B2-BDD8-422B46F1D544}.Debug|Any CPU.ActiveCfg = Debug|Any CPU
		{964EBFBE-A600-49B2-BDD8-422B46F1D544}.Debug|Any CPU.Build.0 = Debug|Any CPU
		{964EBFBE-A600-49B2-BDD8-422B46F1D544}.Release|Any CPU.ActiveCfg = Release|Any CPU
		{964EBFBE-A600-49B2-BDD8-422B46F1D544}.Release|Any CPU.Build.0 = Release|Any CPU
		{283CB1DA-3CCB-4657-8118-96D99E2F6565}.Debug|Any CPU.ActiveCfg = Debug|Any CPU
		{283CB1DA-3CCB-4657-8118-96D99E2F6565}.Debug|Any CPU.Build.0 = Debug|Any CPU
		{283CB1DA-3CCB-4657-8118-96D99E2F6565}.Release|Any CPU.ActiveCfg = Release|Any CPU
		{283CB1DA-3CCB-4657-8118-96D99E2F6565}.Release|Any CPU.Build.0 = Release|Any CPU
		{C563ED15-570E-4EFD-8357-D4B4AABC6263}.Debug|Any CPU.ActiveCfg = Debug|Any CPU
		{C563ED15-570E-4EFD-8357-D4B4AABC6263}.Debug|Any CPU.Build.0 = Debug|Any CPU
		{C563ED15-570E-4EFD-8357-D4B4AABC6263}.Release|Any CPU.ActiveCfg = Release|Any CPU
		{C563ED15-570E-4EFD-8357-D4B4AABC6263}.Release|Any CPU.Build.0 = Release|Any CPU
	EndGlobalSection
	GlobalSection(SolutionProperties) = preSolution
		HideSolutionNode = FALSE
	EndGlobalSection
EndGlobal
