
Microsoft Visual Studio Solution File, Format Version 12.00
# Visual Studio Version 16
VisualStudioVersion = 16.0.29613.14
MinimumVisualStudioVersion = 10.0.40219.1
Project("{FAE04EC0-301F-11D3-BF4B-00C04F79EFBC}") = "CopyBuffer.Ui.Wpf", "CopyBuffer.UI.Wpf\CopyBuffer.Ui.Wpf.csproj", "{964EBFBE-A600-49B2-BDD8-422B46F1D544}"
EndProject
Project("{FAE04EC0-301F-11D3-BF4B-00C04F79EFBC}") = "CopyBuffer.Service", "CopyBuffer.Service\CopyBuffer.Service.csproj", "{283CB1DA-3CCB-4657-8118-96D99E2F6565}"
EndProject
Project("{FAE04EC0-301F-11D3-BF4B-00C04F79EFBC}") = "CopyBuffer.Tests", "CopyBuffer.Tests\CopyBuffer.Tests.csproj", "{98C59199-5111-42C9-8DA4-B6FB23CF1C11}"
EndProject
Global
	GlobalSection(SolutionConfigurationPlatforms) = preSolution
		Debug|Any CPU = Debug|Any CPU
		Release|Any CPU = Release|Any CPU
	EndGlobalSection
	GlobalSection(ProjectConfigurationPlatforms) = postSolution
		{964EBFBE-A600-49B2-BDD8-422B46F1D544}.Debug|Any CPU.ActiveCfg = Debug|Any CPU
		{964EBFBE-A600-49B2-BDD8-422B46F1D544}.Debug|Any CPU.Build.0 = Debug|Any CPU
		{964EBFBE-A600-49B2-BDD8-422B46F1D544}.Release|Any CPU.ActiveCfg = Release|Any CPU
		{964EBFBE-A600-49B2-BDD8-422B46F1D544}.Release|Any CPU.Build.0 = Release|Any CPU
		{283CB1DA-3CCB-4657-8118-96D99E2F6565}.Debug|Any CPU.ActiveCfg = Debug|Any CPU
		{283CB1DA-3CCB-4657-8118-96D99E2F6565}.Debug|Any CPU.Build.0 = Debug|Any CPU
		{283CB1DA-3CCB-4657-8118-96D99E2F6565}.Release|Any CPU.ActiveCfg = Release|Any CPU
		{283CB1DA-3CCB-4657-8118-96D99E2F6565}.Release|Any CPU.Build.0 = Release|Any CPU
		{98C59199-5111-42C9-8DA4-B6FB23CF1C11}.Debug|Any CPU.ActiveCfg = Debug|Any CPU
		{98C59199-5111-42C9-8DA4-B6FB23CF1C11}.Debug|Any CPU.Build.0 = Debug|Any CPU
		{98C59199-5111-42C9-8DA4-B6FB23CF1C11}.Release|Any CPU.ActiveCfg = Release|Any CPU
		{98C59199-5111-42C9-8DA4-B6FB23CF1C11}.Release|Any CPU.Build.0 = Release|Any CPU
	EndGlobalSection
	GlobalSection(SolutionProperties) = preSolution
		HideSolutionNode = FALSE
	EndGlobalSection
	GlobalSection(ExtensibilityGlobals) = postSolution
		SolutionGuid = {D26256B5-2EFB-4C24-84C1-DC52EE8E60DC}
	EndGlobalSection
EndGlobal
